
Microsoft Visual Studio Solution File, Format Version 12.00
# Visual Studio 14
VisualStudioVersion = 14.0.25420.1
MinimumVisualStudioVersion = 10.0.40219.1
Project("{FAE04EC0-301F-11D3-BF4B-00C04F79EFBC}") = "PracticaTaller", "PracticaTaller\PracticaTaller.csproj", "{513903F3-38F2-4978-B4AE-5BDC2CA8947E}"
EndProject
Global
	GlobalSection(SolutionConfigurationPlatforms) = preSolution
		Debug|Any CPU = Debug|Any CPU
		Release|Any CPU = Release|Any CPU
	EndGlobalSection
	GlobalSection(ProjectConfigurationPlatforms) = postSolution
		{513903F3-38F2-4978-B4AE-5BDC2CA8947E}.Debug|Any CPU.ActiveCfg = Debug|Any CPU
		{513903F3-38F2-4978-B4AE-5BDC2CA8947E}.Debug|Any CPU.Build.0 = Debug|Any CPU
		{513903F3-38F2-4978-B4AE-5BDC2CA8947E}.Release|Any CPU.ActiveCfg = Release|Any CPU
		{513903F3-38F2-4978-B4AE-5BDC2CA8947E}.Release|Any CPU.Build.0 = Release|Any CPU
	EndGlobalSection
	GlobalSection(SolutionProperties) = preSolution
		HideSolutionNode = FALSE
	EndGlobalSection
EndGlobal
